
Microsoft Visual Studio Solution File, Format Version 11.00
# Visual Studio 2010
Project("{FAE04EC0-301F-11D3-BF4B-00C04F79EFBC}") = "MoneyCare.Model", "MoneyCare.Model\MoneyCare.Model.csproj", "{A8C1EF51-4740-4F5E-AEDA-AC92155BE07B}"
EndProject
Project("{FAE04EC0-301F-11D3-BF4B-00C04F79EFBC}") = "MoneyCare.Repository", "MoneyCare.Repository\MoneyCare.Repository.csproj", "{FD3A303D-7A41-483E-81E8-1BA57A41E165}"
EndProject
Project("{FAE04EC0-301F-11D3-BF4B-00C04F79EFBC}") = "MoneyCare.View", "MoneyCare.View\MoneyCare.View.csproj", "{0C897ABB-5B1B-46AF-95B1-F8EB9EB689F0}"
EndProject
Global
	GlobalSection(SolutionConfigurationPlatforms) = preSolution
		Debug|Any CPU = Debug|Any CPU
		Release|Any CPU = Release|Any CPU
	EndGlobalSection
	GlobalSection(ProjectConfigurationPlatforms) = postSolution
		{A8C1EF51-4740-4F5E-AEDA-AC92155BE07B}.Debug|Any CPU.ActiveCfg = Debug|Any CPU
		{A8C1EF51-4740-4F5E-AEDA-AC92155BE07B}.Debug|Any CPU.Build.0 = Debug|Any CPU
		{A8C1EF51-4740-4F5E-AEDA-AC92155BE07B}.Release|Any CPU.ActiveCfg = Release|Any CPU
		{A8C1EF51-4740-4F5E-AEDA-AC92155BE07B}.Release|Any CPU.Build.0 = Release|Any CPU
		{FD3A303D-7A41-483E-81E8-1BA57A41E165}.Debug|Any CPU.ActiveCfg = Debug|Any CPU
		{FD3A303D-7A41-483E-81E8-1BA57A41E165}.Debug|Any CPU.Build.0 = Debug|Any CPU
		{FD3A303D-7A41-483E-81E8-1BA57A41E165}.Release|Any CPU.ActiveCfg = Release|Any CPU
		{FD3A303D-7A41-483E-81E8-1BA57A41E165}.Release|Any CPU.Build.0 = Release|Any CPU
		{0C897ABB-5B1B-46AF-95B1-F8EB9EB689F0}.Debug|Any CPU.ActiveCfg = Debug|Any CPU
		{0C897ABB-5B1B-46AF-95B1-F8EB9EB689F0}.Debug|Any CPU.Build.0 = Debug|Any CPU
		{0C897ABB-5B1B-46AF-95B1-F8EB9EB689F0}.Release|Any CPU.ActiveCfg = Release|Any CPU
		{0C897ABB-5B1B-46AF-95B1-F8EB9EB689F0}.Release|Any CPU.Build.0 = Release|Any CPU
	EndGlobalSection
	GlobalSection(SolutionProperties) = preSolution
		HideSolutionNode = FALSE
	EndGlobalSection
EndGlobal
